
Microsoft Visual Studio Solution File, Format Version 12.00
# Visual Studio Version 17
VisualStudioVersion = 17.8.34525.116
MinimumVisualStudioVersion = 10.0.40219.1
Project("{FAE04EC0-301F-11D3-BF4B-00C04F79EFBC}") = "Marmitoque", "Marmitoque\Marmitoque.csproj", "{1DC25E06-A4D6-4C0C-9080-0D75C9C4EF6A}"
EndProject
Global
	GlobalSection(SolutionConfigurationPlatforms) = preSolution
		Debug|Any CPU = Debug|Any CPU
		Release|Any CPU = Release|Any CPU
	EndGlobalSection
	GlobalSection(ProjectConfigurationPlatforms) = postSolution
		{1DC25E06-A4D6-4C0C-9080-0D75C9C4EF6A}.Debug|Any CPU.ActiveCfg = Debug|Any CPU
		{1DC25E06-A4D6-4C0C-9080-0D75C9C4EF6A}.Debug|Any CPU.Build.0 = Debug|Any CPU
		{1DC25E06-A4D6-4C0C-9080-0D75C9C4EF6A}.Release|Any CPU.ActiveCfg = Release|Any CPU
		{1DC25E06-A4D6-4C0C-9080-0D75C9C4EF6A}.Release|Any CPU.Build.0 = Release|Any CPU
	EndGlobalSection
	GlobalSection(SolutionProperties) = preSolution
		HideSolutionNode = FALSE
	EndGlobalSection
	GlobalSection(ExtensibilityGlobals) = postSolution
		SolutionGuid = {205E1943-988B-4A07-8A4B-BC62F112E629}
	EndGlobalSection
EndGlobal
